
Microsoft Visual Studio Solution File, Format Version 12.00
# Visual Studio Version 16
VisualStudioVersion = 16.0.30621.155
MinimumVisualStudioVersion = 10.0.40219.1
Project("{FAE04EC0-301F-11D3-BF4B-00C04F79EFBC}") = "SQLiteToolkit", "SQLiteToolkit\SQLiteToolkit.csproj", "{0499AFDC-068A-42A5-8BD8-4E34B542AC01}"
EndProject
Project("{FAE04EC0-301F-11D3-BF4B-00C04F79EFBC}") = "SQLiteToolkitForms", "SQLiteToolkitForms\SQLiteToolkitForms.csproj", "{422EF0FF-DF09-42EF-ABEC-7D1EDDC2F9B8}"
EndProject
Global
	GlobalSection(SolutionConfigurationPlatforms) = preSolution
		Debug|x64 = Debug|x64
		Debug|x86 = Debug|x86
		Release|x64 = Release|x64
		Release|x86 = Release|x86
	EndGlobalSection
	GlobalSection(ProjectConfigurationPlatforms) = postSolution
		{0499AFDC-068A-42A5-8BD8-4E34B542AC01}.Debug|x64.ActiveCfg = Debug|x64
		{0499AFDC-068A-42A5-8BD8-4E34B542AC01}.Debug|x64.Build.0 = Debug|x64
		{0499AFDC-068A-42A5-8BD8-4E34B542AC01}.Debug|x86.ActiveCfg = Debug|x86
		{0499AFDC-068A-42A5-8BD8-4E34B542AC01}.Debug|x86.Build.0 = Debug|x86
		{0499AFDC-068A-42A5-8BD8-4E34B542AC01}.Release|x64.ActiveCfg = Release|x64
		{0499AFDC-068A-42A5-8BD8-4E34B542AC01}.Release|x64.Build.0 = Release|x64
		{0499AFDC-068A-42A5-8BD8-4E34B542AC01}.Release|x86.ActiveCfg = Release|x86
		{0499AFDC-068A-42A5-8BD8-4E34B542AC01}.Release|x86.Build.0 = Release|x86
		{422EF0FF-DF09-42EF-ABEC-7D1EDDC2F9B8}.Debug|x64.ActiveCfg = Debug|x64
		{422EF0FF-DF09-42EF-ABEC-7D1EDDC2F9B8}.Debug|x64.Build.0 = Debug|x64
		{422EF0FF-DF09-42EF-ABEC-7D1EDDC2F9B8}.Debug|x86.ActiveCfg = Debug|x86
		{422EF0FF-DF09-42EF-ABEC-7D1EDDC2F9B8}.Debug|x86.Build.0 = Debug|x86
		{422EF0FF-DF09-42EF-ABEC-7D1EDDC2F9B8}.Release|x64.ActiveCfg = Release|x64
		{422EF0FF-DF09-42EF-ABEC-7D1EDDC2F9B8}.Release|x64.Build.0 = Release|x64
		{422EF0FF-DF09-42EF-ABEC-7D1EDDC2F9B8}.Release|x86.ActiveCfg = Release|x86
		{422EF0FF-DF09-42EF-ABEC-7D1EDDC2F9B8}.Release|x86.Build.0 = Release|x86
	EndGlobalSection
	GlobalSection(SolutionProperties) = preSolution
		HideSolutionNode = FALSE
	EndGlobalSection
	GlobalSection(ExtensibilityGlobals) = postSolution
		SolutionGuid = {A7F14ABC-3A1D-4EF8-A551-80788A83094F}
	EndGlobalSection
EndGlobal
